github.com/gorilla/handlers v0.0.0-20160721043455-801d6e3b0089 h1:/BEl5Rbd91qvjppKo3tdTZ3Akr7PeaymsT3sNy6+kh0=
github.com/gorilla/handlers v0.0.0-20160721043455-801d6e3b0089/go.mod h1:Qkdc/uu4tH4g6mTK6auzZ766c4CA0Ng8+o/OAirnOIQ=
github.com/nfnt/resize v0.0.0-20160109112512-4d93a29130b1 h1:Gi7SMyKr6jDlZzNhBrTMD/1zFiHsd5NIQw2uAXDf3Jk=
github.com/nfnt/resize v0.0.0-20160109112512-4d93a29130b1/go.mod h1:jpp1/29i3P1S/RLdc7JQKbRpFeM1dOBd8T9ki5s+AY8=
github.com/oliamb/cutter v0.2.1-0.20150813164310-6bb26911f524 h1:FlUtwnomEvJ4y29aVOeP/n7jG1Zv2zPZ3duQTeXOBlM=
github.com/oliamb/cutter v0.2.1-0.20150813164310-6bb26911f524/go.mod h1:4BenG2/4GuRBDbVm/OPahDVqbrOemzpPiG5mi1iryBU=
github.com/satori/go.uuid v1.1.1-0.20160713180306-0aa62d5ddceb h1:T3X8vQXH3/kJq4cD1P2pjIuz0Tfu2Vh10OCh9Rf6Hkw=
github.com/satori/go.uuid v1.1.1-0.20160713180306-0aa62d5ddceb/go.mod h1:dA0hQrYB0VpLJoorglMZABFdXlWrHn1NEOzdhQKdks0=
